
Microsoft Visual Studio Solution File, Format Version 12.00
# Visual Studio Version 17
VisualStudioVersion = 17.6.33815.320
MinimumVisualStudioVersion = 10.0.40219.1
Project("{FAE04EC0-301F-11D3-BF4B-00C04F79EFBC}") = "DemoGit", "DemoGit\DemoGit.csproj", "{5057602E-0D8B-412C-B50D-8EE4D4403804}"
EndProject
Global
	GlobalSection(SolutionConfigurationPlatforms) = preSolution
		Debug|Any CPU = Debug|Any CPU
		Release|Any CPU = Release|Any CPU
	EndGlobalSection
	GlobalSection(ProjectConfigurationPlatforms) = postSolution
		{5057602E-0D8B-412C-B50D-8EE4D4403804}.Debug|Any CPU.ActiveCfg = Debug|Any CPU
		{5057602E-0D8B-412C-B50D-8EE4D4403804}.Debug|Any CPU.Build.0 = Debug|Any CPU
		{5057602E-0D8B-412C-B50D-8EE4D4403804}.Release|Any CPU.ActiveCfg = Release|Any CPU
		{5057602E-0D8B-412C-B50D-8EE4D4403804}.Release|Any CPU.Build.0 = Release|Any CPU
	EndGlobalSection
	GlobalSection(SolutionProperties) = preSolution
		HideSolutionNode = FALSE
	EndGlobalSection
	GlobalSection(ExtensibilityGlobals) = postSolution
		SolutionGuid = {78A2AB1D-4B6A-48F7-BE6F-22F3AFA48738}
	EndGlobalSection
EndGlobal
